{
    "compile": {
        "com.fasterxml.jackson.core:jackson-annotations": {
            "locked": "2.9.4",
            "requested": "2.9.+"
        },
        "com.fasterxml.jackson.core:jackson-databind": {
            "locked": "2.9.4",
            "requested": "2.9.+"
        },
        "com.fasterxml.jackson.datatype:jackson-datatype-jsr310": {
            "locked": "2.9.4",
            "requested": "2.9.+"
        },
        "com.fasterxml.jackson.module:jackson-module-kotlin": {
            "locked": "2.9.4",
            "requested": "2.9.+"
        },
        "com.github.jonpeterson:jackson-module-model-versioning": {
            "locked": "1.2.2",
            "requested": "1.2.+"
        },
        "com.kjetland:mbknor-jackson-jsonschema_2.12": {
            "locked": "1.0.28",
            "requested": "1.0.+"
        },
        "com.netflix.spinnaker.kork:kork-core": {
            "locked": "1.113.1",
            "requested": "+"
        },
        "net.logstash.logback:logstash-logback-encoder": {
            "locked": "4.11",
            "requested": "4.+"
        },
        "org.jetbrains.kotlin:kotlin-stdlib-jdk8": {
            "locked": "1.2.21",
            "requested": "1.2.21"
        },
        "org.slf4j:slf4j-api": {
            "locked": "1.7.25",
            "requested": "1.7.+"
        },
        "redis.clients:jedis": {
            "locked": "2.9.0",
            "requested": "2.+"
        }
    },
    "compileClasspath": {
        "com.fasterxml.jackson.core:jackson-annotations": {
            "locked": "2.9.4",
            "requested": "2.9.+"
        },
        "com.fasterxml.jackson.core:jackson-databind": {
            "locked": "2.9.4",
            "requested": "2.9.+"
        },
        "com.fasterxml.jackson.datatype:jackson-datatype-jsr310": {
            "locked": "2.9.4",
            "requested": "2.9.+"
        },
        "com.fasterxml.jackson.module:jackson-module-kotlin": {
            "locked": "2.9.4",
            "requested": "2.9.+"
        },
        "com.github.jonpeterson:jackson-module-model-versioning": {
            "locked": "1.2.2",
            "requested": "1.2.+"
        },
        "com.kjetland:mbknor-jackson-jsonschema_2.12": {
            "locked": "1.0.28",
            "requested": "1.0.+"
        },
        "com.netflix.spinnaker.kork:kork-core": {
            "locked": "1.113.1",
            "requested": "+"
        },
        "net.logstash.logback:logstash-logback-encoder": {
            "locked": "4.11",
            "requested": "4.+"
        },
        "org.jetbrains.kotlin:kotlin-stdlib-jdk8": {
            "locked": "1.2.21",
            "requested": "1.2.21"
        },
        "org.slf4j:slf4j-api": {
            "locked": "1.7.25",
            "requested": "1.7.+"
        },
        "redis.clients:jedis": {
            "locked": "2.9.0",
            "requested": "2.+"
        }
    },
    "default": {
        "com.fasterxml.jackson.core:jackson-annotations": {
            "locked": "2.9.4",
            "requested": "2.9.+"
        },
        "com.fasterxml.jackson.core:jackson-databind": {
            "locked": "2.9.4",
            "requested": "2.9.+"
        },
        "com.fasterxml.jackson.datatype:jackson-datatype-jsr310": {
            "locked": "2.9.4",
            "requested": "2.9.+"
        },
        "com.fasterxml.jackson.module:jackson-module-kotlin": {
            "locked": "2.9.4",
            "requested": "2.9.+"
        },
        "com.github.jonpeterson:jackson-module-model-versioning": {
            "locked": "1.2.2",
            "requested": "1.2.+"
        },
        "com.kjetland:mbknor-jackson-jsonschema_2.12": {
            "locked": "1.0.28",
            "requested": "1.0.+"
        },
        "com.netflix.spinnaker.kork:kork-core": {
            "locked": "1.113.1",
            "requested": "+"
        },
        "net.logstash.logback:logstash-logback-encoder": {
            "locked": "4.11",
            "requested": "4.+"
        },
        "org.jetbrains.kotlin:kotlin-stdlib-jdk8": {
            "locked": "1.2.21",
            "requested": "1.2.21"
        },
        "org.slf4j:slf4j-api": {
            "locked": "1.7.25",
            "requested": "1.7.+"
        },
        "redis.clients:jedis": {
            "locked": "2.9.0",
            "requested": "2.+"
        }
    },
    "junitPlatform": {
        "org.junit.platform:junit-platform-console": {
            "locked": "1.0.0"
        },
        "org.junit.platform:junit-platform-launcher": {
            "locked": "1.0.0"
        }
    },
    "kapt": {
        "org.jetbrains.kotlin:kotlin-annotation-processing-gradle": {
            "locked": "1.2.21",
            "requested": "1.2.21"
        }
    },
    "kaptTest": {
        "org.jetbrains.kotlin:kotlin-annotation-processing-gradle": {
            "locked": "1.2.21",
            "requested": "1.2.21"
        }
    },
    "runtime": {
        "com.fasterxml.jackson.core:jackson-annotations": {
            "locked": "2.9.4",
            "requested": "2.9.+"
        },
        "com.fasterxml.jackson.core:jackson-databind": {
            "locked": "2.9.4",
            "requested": "2.9.+"
        },
        "com.fasterxml.jackson.datatype:jackson-datatype-jsr310": {
            "locked": "2.9.4",
            "requested": "2.9.+"
        },
        "com.fasterxml.jackson.module:jackson-module-kotlin": {
            "locked": "2.9.4",
            "requested": "2.9.+"
        },
        "com.github.jonpeterson:jackson-module-model-versioning": {
            "locked": "1.2.2",
            "requested": "1.2.+"
        },
        "com.kjetland:mbknor-jackson-jsonschema_2.12": {
            "locked": "1.0.28",
            "requested": "1.0.+"
        },
        "com.netflix.spinnaker.kork:kork-core": {
            "locked": "1.113.1",
            "requested": "+"
        },
        "net.logstash.logback:logstash-logback-encoder": {
            "locked": "4.11",
            "requested": "4.+"
        },
        "org.jetbrains.kotlin:kotlin-stdlib-jdk8": {
            "locked": "1.2.21",
            "requested": "1.2.21"
        },
        "org.slf4j:slf4j-api": {
            "locked": "1.7.25",
            "requested": "1.7.+"
        },
        "redis.clients:jedis": {
            "locked": "2.9.0",
            "requested": "2.+"
        }
    },
    "runtimeClasspath": {
        "com.fasterxml.jackson.core:jackson-annotations": {
            "locked": "2.9.4",
            "requested": "2.9.+"
        },
        "com.fasterxml.jackson.core:jackson-databind": {
            "locked": "2.9.4",
            "requested": "2.9.+"
        },
        "com.fasterxml.jackson.datatype:jackson-datatype-jsr310": {
            "locked": "2.9.4",
            "requested": "2.9.+"
        },
        "com.fasterxml.jackson.module:jackson-module-kotlin": {
            "locked": "2.9.4",
            "requested": "2.9.+"
        },
        "com.github.jonpeterson:jackson-module-model-versioning": {
            "locked": "1.2.2",
            "requested": "1.2.+"
        },
        "com.kjetland:mbknor-jackson-jsonschema_2.12": {
            "locked": "1.0.28",
            "requested": "1.0.+"
        },
        "com.netflix.spinnaker.kork:kork-core": {
            "locked": "1.113.1",
            "requested": "+"
        },
        "net.logstash.logback:logstash-logback-encoder": {
            "locked": "4.11",
            "requested": "4.+"
        },
        "org.jetbrains.kotlin:kotlin-stdlib-jdk8": {
            "locked": "1.2.21",
            "requested": "1.2.21"
        },
        "org.slf4j:slf4j-api": {
            "locked": "1.7.25",
            "requested": "1.7.+"
        },
        "redis.clients:jedis": {
            "locked": "2.9.0",
            "requested": "2.+"
        }
    },
    "testCompile": {
        "com.fasterxml.jackson.core:jackson-annotations": {
            "firstLevelTransitive": [
                "com.netflix.spinnaker.keel:keel-core"
            ],
            "locked": "2.9.4",
            "requested": "2.9.+"
        },
        "com.fasterxml.jackson.core:jackson-databind": {
            "firstLevelTransitive": [
                "com.netflix.spinnaker.keel:keel-core"
            ],
            "locked": "2.9.4",
            "requested": "2.9.+"
        },
        "com.fasterxml.jackson.datatype:jackson-datatype-jsr310": {
            "firstLevelTransitive": [
                "com.netflix.spinnaker.keel:keel-core"
            ],
            "locked": "2.9.4",
            "requested": "2.9.+"
        },
        "com.fasterxml.jackson.module:jackson-module-kotlin": {
            "firstLevelTransitive": [
                "com.netflix.spinnaker.keel:keel-core"
            ],
            "locked": "2.9.4",
            "requested": "2.9.+"
        },
        "com.github.jonpeterson:jackson-module-model-versioning": {
            "firstLevelTransitive": [
                "com.netflix.spinnaker.keel:keel-core"
            ],
            "locked": "1.2.2",
            "requested": "1.2.+"
        },
        "com.kjetland:mbknor-jackson-jsonschema_2.12": {
            "firstLevelTransitive": [
                "com.netflix.spinnaker.keel:keel-core"
            ],
            "locked": "1.0.28",
            "requested": "1.0.+"
        },
        "com.natpryce:hamkrest": {
            "firstLevelTransitive": [
                "com.netflix.spinnaker.keel:keel-test"
            ],
            "locked": "1.4.2.2",
            "requested": "+"
        },
        "com.netflix.spinnaker.keel:keel-core": {
            "firstLevelTransitive": [
                "com.netflix.spinnaker.keel:keel-test"
            ],
            "project": true
        },
        "com.netflix.spinnaker.keel:keel-test": {
            "project": true
        },
        "com.netflix.spinnaker.kork:kork-core": {
            "firstLevelTransitive": [
                "com.netflix.spinnaker.keel:keel-core"
            ],
            "locked": "1.113.1",
            "requested": "+"
        },
        "com.nhaarman:mockito-kotlin": {
            "locked": "1.5.0",
            "requested": "+"
        },
        "com.squareup.retrofit:retrofit-mock": {
            "locked": "1.9.0",
            "requested": "1.9.+"
        },
        "net.logstash.logback:logstash-logback-encoder": {
            "firstLevelTransitive": [
                "com.netflix.spinnaker.keel:keel-core"
            ],
            "locked": "4.11",
            "requested": "4.+"
        },
        "org.jetbrains.kotlin:kotlin-stdlib-jdk8": {
            "firstLevelTransitive": [
                "com.netflix.spinnaker.keel:keel-core",
                "com.netflix.spinnaker.keel:keel-test"
            ],
            "locked": "1.2.21",
            "requested": "1.2.21"
        },
        "org.junit.jupiter:junit-jupiter-api": {
            "locked": "5.1.0-RC1",
            "requested": "+"
        },
        "org.junit.jupiter:junit-jupiter-params": {
            "locked": "5.1.0-RC1",
            "requested": "+"
        },
        "org.junit.platform:junit-platform-runner": {
            "locked": "1.1.0-RC1",
            "requested": "+"
        },
        "org.slf4j:slf4j-api": {
            "firstLevelTransitive": [
                "com.netflix.spinnaker.keel:keel-core"
            ],
            "locked": "1.7.25",
            "requested": "1.7.+"
        },
        "redis.clients:jedis": {
            "firstLevelTransitive": [
                "com.netflix.spinnaker.keel:keel-core"
            ],
            "locked": "2.9.0",
            "requested": "2.+"
        }
    },
    "testCompileClasspath": {
        "com.fasterxml.jackson.core:jackson-annotations": {
            "firstLevelTransitive": [
                "com.netflix.spinnaker.keel:keel-core"
            ],
            "locked": "2.9.4",
            "requested": "2.9.+"
        },
        "com.fasterxml.jackson.core:jackson-databind": {
            "firstLevelTransitive": [
                "com.netflix.spinnaker.keel:keel-core"
            ],
            "locked": "2.9.4",
            "requested": "2.9.+"
        },
        "com.fasterxml.jackson.datatype:jackson-datatype-jsr310": {
            "firstLevelTransitive": [
                "com.netflix.spinnaker.keel:keel-core"
            ],
            "locked": "2.9.4",
            "requested": "2.9.+"
        },
        "com.fasterxml.jackson.module:jackson-module-kotlin": {
            "firstLevelTransitive": [
                "com.netflix.spinnaker.keel:keel-core"
            ],
            "locked": "2.9.4",
            "requested": "2.9.+"
        },
        "com.github.jonpeterson:jackson-module-model-versioning": {
            "firstLevelTransitive": [
                "com.netflix.spinnaker.keel:keel-core"
            ],
            "locked": "1.2.2",
            "requested": "1.2.+"
        },
        "com.kjetland:mbknor-jackson-jsonschema_2.12": {
            "firstLevelTransitive": [
                "com.netflix.spinnaker.keel:keel-core"
            ],
            "locked": "1.0.28",
            "requested": "1.0.+"
        },
        "com.natpryce:hamkrest": {
            "firstLevelTransitive": [
                "com.netflix.spinnaker.keel:keel-test"
            ],
            "locked": "1.4.2.2",
            "requested": "+"
        },
        "com.netflix.spinnaker.keel:keel-core": {
            "firstLevelTransitive": [
                "com.netflix.spinnaker.keel:keel-test"
            ],
            "project": true
        },
        "com.netflix.spinnaker.keel:keel-test": {
            "project": true
        },
        "com.netflix.spinnaker.kork:kork-core": {
            "firstLevelTransitive": [
                "com.netflix.spinnaker.keel:keel-core"
            ],
            "locked": "1.113.1",
            "requested": "+"
        },
        "com.nhaarman:mockito-kotlin": {
            "locked": "1.5.0",
            "requested": "+"
        },
        "com.squareup.retrofit:retrofit-mock": {
            "locked": "1.9.0",
            "requested": "1.9.+"
        },
        "net.logstash.logback:logstash-logback-encoder": {
            "firstLevelTransitive": [
                "com.netflix.spinnaker.keel:keel-core"
            ],
            "locked": "4.11",
            "requested": "4.+"
        },
        "org.jetbrains.kotlin:kotlin-stdlib-jdk8": {
            "firstLevelTransitive": [
                "com.netflix.spinnaker.keel:keel-core",
                "com.netflix.spinnaker.keel:keel-test"
            ],
            "locked": "1.2.21",
            "requested": "1.2.21"
        },
        "org.junit.jupiter:junit-jupiter-api": {
            "locked": "5.1.0-RC1",
            "requested": "+"
        },
        "org.junit.jupiter:junit-jupiter-params": {
            "locked": "5.1.0-RC1",
            "requested": "+"
        },
        "org.junit.platform:junit-platform-runner": {
            "locked": "1.1.0-RC1",
            "requested": "+"
        },
        "org.slf4j:slf4j-api": {
            "firstLevelTransitive": [
                "com.netflix.spinnaker.keel:keel-core"
            ],
            "locked": "1.7.25",
            "requested": "1.7.+"
        },
        "redis.clients:jedis": {
            "firstLevelTransitive": [
                "com.netflix.spinnaker.keel:keel-core"
            ],
            "locked": "2.9.0",
            "requested": "2.+"
        }
    },
    "testRuntime": {
        "com.fasterxml.jackson.core:jackson-annotations": {
            "firstLevelTransitive": [
                "com.netflix.spinnaker.keel:keel-core"
            ],
            "locked": "2.9.4",
            "requested": "2.9.+"
        },
        "com.fasterxml.jackson.core:jackson-databind": {
            "firstLevelTransitive": [
                "com.netflix.spinnaker.keel:keel-core"
            ],
            "locked": "2.9.4",
            "requested": "2.9.+"
        },
        "com.fasterxml.jackson.datatype:jackson-datatype-jsr310": {
            "firstLevelTransitive": [
                "com.netflix.spinnaker.keel:keel-core"
            ],
            "locked": "2.9.4",
            "requested": "2.9.+"
        },
        "com.fasterxml.jackson.module:jackson-module-kotlin": {
            "firstLevelTransitive": [
                "com.netflix.spinnaker.keel:keel-core"
            ],
            "locked": "2.9.4",
            "requested": "2.9.+"
        },
        "com.github.jonpeterson:jackson-module-model-versioning": {
            "firstLevelTransitive": [
                "com.netflix.spinnaker.keel:keel-core"
            ],
            "locked": "1.2.2",
            "requested": "1.2.+"
        },
        "com.kjetland:mbknor-jackson-jsonschema_2.12": {
            "firstLevelTransitive": [
                "com.netflix.spinnaker.keel:keel-core"
            ],
            "locked": "1.0.28",
            "requested": "1.0.+"
        },
        "com.natpryce:hamkrest": {
            "firstLevelTransitive": [
                "com.netflix.spinnaker.keel:keel-test"
            ],
            "locked": "1.4.2.2",
            "requested": "+"
        },
        "com.netflix.spinnaker.keel:keel-core": {
            "firstLevelTransitive": [
                "com.netflix.spinnaker.keel:keel-test"
            ],
            "project": true
        },
        "com.netflix.spinnaker.keel:keel-test": {
            "project": true
        },
        "com.netflix.spinnaker.kork:kork-core": {
            "firstLevelTransitive": [
                "com.netflix.spinnaker.keel:keel-core"
            ],
            "locked": "1.113.1",
            "requested": "+"
        },
        "com.nhaarman:mockito-kotlin": {
            "locked": "1.5.0",
            "requested": "+"
        },
        "com.squareup.retrofit:retrofit-mock": {
            "locked": "1.9.0",
            "requested": "1.9.+"
        },
        "net.logstash.logback:logstash-logback-encoder": {
            "firstLevelTransitive": [
                "com.netflix.spinnaker.keel:keel-core"
            ],
            "locked": "4.11",
            "requested": "4.+"
        },
        "org.jetbrains.kotlin:kotlin-stdlib-jdk8": {
            "firstLevelTransitive": [
                "com.netflix.spinnaker.keel:keel-core",
                "com.netflix.spinnaker.keel:keel-test"
            ],
            "locked": "1.2.21",
            "requested": "1.2.21"
        },
        "org.junit.jupiter:junit-jupiter-api": {
            "locked": "5.1.0-RC1",
            "requested": "+"
        },
        "org.junit.jupiter:junit-jupiter-engine": {
            "locked": "5.1.0-RC1",
            "requested": "+"
        },
        "org.junit.jupiter:junit-jupiter-params": {
            "locked": "5.1.0-RC1",
            "requested": "+"
        },
        "org.junit.platform:junit-platform-launcher": {
            "locked": "1.1.0-RC1",
            "requested": "+"
        },
        "org.junit.platform:junit-platform-runner": {
            "locked": "1.1.0-RC1",
            "requested": "+"
        },
        "org.slf4j:slf4j-api": {
            "firstLevelTransitive": [
                "com.netflix.spinnaker.keel:keel-core"
            ],
            "locked": "1.7.25",
            "requested": "1.7.+"
        },
        "redis.clients:jedis": {
            "firstLevelTransitive": [
                "com.netflix.spinnaker.keel:keel-core"
            ],
            "locked": "2.9.0",
            "requested": "2.+"
        }
    },
    "testRuntimeClasspath": {
        "com.fasterxml.jackson.core:jackson-annotations": {
            "firstLevelTransitive": [
                "com.netflix.spinnaker.keel:keel-core"
            ],
            "locked": "2.9.4",
            "requested": "2.9.+"
        },
        "com.fasterxml.jackson.core:jackson-databind": {
            "firstLevelTransitive": [
                "com.netflix.spinnaker.keel:keel-core"
            ],
            "locked": "2.9.4",
            "requested": "2.9.+"
        },
        "com.fasterxml.jackson.datatype:jackson-datatype-jsr310": {
            "firstLevelTransitive": [
                "com.netflix.spinnaker.keel:keel-core"
            ],
            "locked": "2.9.4",
            "requested": "2.9.+"
        },
        "com.fasterxml.jackson.module:jackson-module-kotlin": {
            "firstLevelTransitive": [
                "com.netflix.spinnaker.keel:keel-core"
            ],
            "locked": "2.9.4",
            "requested": "2.9.+"
        },
        "com.github.jonpeterson:jackson-module-model-versioning": {
            "firstLevelTransitive": [
                "com.netflix.spinnaker.keel:keel-core"
            ],
            "locked": "1.2.2",
            "requested": "1.2.+"
        },
        "com.kjetland:mbknor-jackson-jsonschema_2.12": {
            "firstLevelTransitive": [
                "com.netflix.spinnaker.keel:keel-core"
            ],
            "locked": "1.0.28",
            "requested": "1.0.+"
        },
        "com.natpryce:hamkrest": {
            "firstLevelTransitive": [
                "com.netflix.spinnaker.keel:keel-test"
            ],
            "locked": "1.4.2.2",
            "requested": "+"
        },
        "com.netflix.spinnaker.keel:keel-core": {
            "firstLevelTransitive": [
                "com.netflix.spinnaker.keel:keel-test"
            ],
            "project": true
        },
        "com.netflix.spinnaker.keel:keel-test": {
            "project": true
        },
        "com.netflix.spinnaker.kork:kork-core": {
            "firstLevelTransitive": [
                "com.netflix.spinnaker.keel:keel-core"
            ],
            "locked": "1.113.1",
            "requested": "+"
        },
        "com.nhaarman:mockito-kotlin": {
            "locked": "1.5.0",
            "requested": "+"
        },
        "com.squareup.retrofit:retrofit-mock": {
            "locked": "1.9.0",
            "requested": "1.9.+"
        },
        "net.logstash.logback:logstash-logback-encoder": {
            "firstLevelTransitive": [
                "com.netflix.spinnaker.keel:keel-core"
            ],
            "locked": "4.11",
            "requested": "4.+"
        },
        "org.jetbrains.kotlin:kotlin-stdlib-jdk8": {
            "firstLevelTransitive": [
                "com.netflix.spinnaker.keel:keel-core",
                "com.netflix.spinnaker.keel:keel-test"
            ],
            "locked": "1.2.21",
            "requested": "1.2.21"
        },
        "org.junit.jupiter:junit-jupiter-api": {
            "locked": "5.1.0-RC1",
            "requested": "+"
        },
        "org.junit.jupiter:junit-jupiter-engine": {
            "locked": "5.1.0-RC1",
            "requested": "+"
        },
        "org.junit.jupiter:junit-jupiter-params": {
            "locked": "5.1.0-RC1",
            "requested": "+"
        },
        "org.junit.platform:junit-platform-launcher": {
            "locked": "1.1.0-RC1",
            "requested": "+"
        },
        "org.junit.platform:junit-platform-runner": {
            "locked": "1.1.0-RC1",
            "requested": "+"
        },
        "org.slf4j:slf4j-api": {
            "firstLevelTransitive": [
                "com.netflix.spinnaker.keel:keel-core"
            ],
            "locked": "1.7.25",
            "requested": "1.7.+"
        },
        "redis.clients:jedis": {
            "firstLevelTransitive": [
                "com.netflix.spinnaker.keel:keel-core"
            ],
            "locked": "2.9.0",
            "requested": "2.+"
        }
    }
}