# THIS IS AN AUTOGENERATED FILE. DO NOT EDIT THIS FILE DIRECTLY.
# yarn lockfile v1


"@spinnaker/core@^0.0.406":
  version "0.0.406"
  resolved "https://registry.yarnpkg.com/@spinnaker/core/-/core-0.0.406.tgz#898f555a43b401f44561e8a742a92e51f128a476"
  integrity sha512-NTqryXCEpYL8feO4hMZyBH70gVBfVabyJ4nChgmIC8PlZ/TMCN8rpGOtr9Q9g/tqgMUXRYiGWnNqxRS/g2Zs4g==
