# This is a Gradle generated file for dependency locking.
# Manual edits can break the build and are not advised.
# This file is expected to be part of source control.
ch.qos.logback:logback-classic:1.1.11
ch.qos.logback:logback-core:1.1.11
com.google.api.grpc:proto-google-common-protos:1.0.0
com.google.code.findbugs:jsr305:3.0.0
com.google.code.gson:gson:2.7
com.google.errorprone:error_prone_annotations:2.2.0
com.google.guava:guava:20.0
com.google.protobuf:protobuf-java-util:3.5.1
com.google.protobuf:protobuf-java:3.5.1
com.google.re2j:re2j:1.2
commons-logging:commons-logging:1.2
io.grpc:grpc-context:1.15.1
io.grpc:grpc-core:1.15.1
io.grpc:grpc-netty:1.15.1
io.grpc:grpc-protobuf-lite:1.15.1
io.grpc:grpc-protobuf:1.15.1
io.grpc:grpc-services:1.15.1
io.grpc:grpc-stub:1.15.1
io.netty:netty-buffer:4.1.27.Final
io.netty:netty-codec-http2:4.1.27.Final
io.netty:netty-codec-http:4.1.27.Final
io.netty:netty-codec-socks:4.1.27.Final
io.netty:netty-codec:4.1.27.Final
io.netty:netty-common:4.1.27.Final
io.netty:netty-handler-proxy:4.1.27.Final
io.netty:netty-handler:4.1.27.Final
io.netty:netty-resolver:4.1.27.Final
io.netty:netty-transport:4.1.27.Final
io.opencensus:opencensus-api:0.12.3
io.opencensus:opencensus-contrib-grpc-metrics:0.12.3
org.codehaus.mojo:animal-sniffer-annotations:1.17
org.jetbrains.kotlin:kotlin-stdlib-common:1.3.0
org.jetbrains.kotlin:kotlin-stdlib-jdk7:1.3.0
org.jetbrains.kotlin:kotlin-stdlib-jdk8:1.3.0
org.jetbrains.kotlin:kotlin-stdlib:1.3.0
org.jetbrains:annotations:13.0
org.lognet:grpc-spring-boot-starter:2.4.3
org.slf4j:jcl-over-slf4j:1.7.25
org.slf4j:jul-to-slf4j:1.7.25
org.slf4j:log4j-over-slf4j:1.7.25
org.slf4j:slf4j-api:1.7.25
org.springframework.boot:spring-boot-autoconfigure:1.5.14.RELEASE
org.springframework.boot:spring-boot-starter-logging:1.5.14.RELEASE
org.springframework.boot:spring-boot-starter:1.5.14.RELEASE
org.springframework.boot:spring-boot:1.5.14.RELEASE
org.springframework:spring-aop:4.3.18.RELEASE
org.springframework:spring-beans:4.3.18.RELEASE
org.springframework:spring-context:4.3.18.RELEASE
org.springframework:spring-core:4.3.18.RELEASE
org.springframework:spring-expression:4.3.18.RELEASE
org.yaml:snakeyaml:1.17
