databaseChangeLog:
  - changeSet:
      id: create-notification-lock-table
      author: afeldman
      validCheckSum:
        # Original changeset checksum
        - 8:4f24acc265a458e399dc36f607a74f90
      changes:
        - createTable:
            tableName: notification_lock
            columns:
              - column:
                  name: lock_name
                  type: varchar(256)
                  constraints:
                    primaryKey: true
                    nullable: false
              - column:
                  name: expiry
                  type: bigint
                  constraints:
                    nullable: false
