# THIS IS AN AUTOGENERATED FILE. DO NOT EDIT THIS FILE DIRECTLY.
# yarn lockfile v1


"@spinnaker/amazon@latest":
  version "0.0.252"
  resolved "https://registry.yarnpkg.com/@spinnaker/amazon/-/amazon-0.0.252.tgz#36c74bd4a2622b30cc4f81ddd0a1942280fb2212"
  integrity sha512-qwv9VsBrBm5p7Y5TyytJHqmM57gC8fxfR0Wag262VPQQJgKED5OiLvYTQgUFLddz3PLu8HFitOrDtQ1BHtOwnw==

"@spinnaker/core@latest":
  version "0.0.450"
  resolved "https://registry.yarnpkg.com/@spinnaker/core/-/core-0.0.450.tgz#db3e2d1bd2423e9da737fcc532493edd493ed8ba"
  integrity sha512-pAKvqbgOwq7JHs68ZLgrn3H/SOwzZFVl74QQw9fK62IrOvsrMPsg6oqSZZeaqHlkY8bj6GpQRi5QILqmci36fA==

"@spinnaker/eslint-plugin@latest":
  version "1.0.4"
  resolved "https://registry.yarnpkg.com/@spinnaker/eslint-plugin/-/eslint-plugin-1.0.4.tgz#1d53907c9f33c45e791114de9274bd6012afac45"
  integrity sha512-vDcFPA5T9A5P5/jWflZ6TuyUd4dwjx/UxBpGQZ8jJJJ+AqoNxhChUXJQ61Bz3/gp7YXD+WFHY+quOyRrH8SQCA==
  dependencies:
    lodash "^4.17.15"

lodash@^4.17.15:
  version "4.17.23"
  resolved "https://registry.yarnpkg.com/lodash/-/lodash-4.17.23.tgz#f113b0378386103be4f6893388c73d0bde7f2c5a"
  integrity sha512-LgVTMpQtIopCi79SJeDiP0TfWi5CNEc/L/aRdTh3yIvmZXTnheWpKjSZhnvMl8iXbC1tFg9gdHHDMLoV7CnG+w==

typescript@5.0.4:
  version "5.0.4"
  resolved "https://registry.yarnpkg.com/typescript/-/typescript-5.0.4.tgz#b217fd20119bd61a94d4011274e0ab369058da3b"
  integrity sha512-cW9T5W9xY37cc+jfEnaUvX91foxtHkza3Nw3wkoF4sSlKn0MONdkdEndig/qPBWXNkmplh3NzayQzCiHM4/hqw==
