# This is a Gradle generated file for dependency locking.
# Manual edits can break the build and are not advised.
# This file is expected to be part of source control.
antlr:antlr:2.7.7
aopalliance:aopalliance:1.0
ch.qos.logback:logback-classic:1.1.11
ch.qos.logback:logback-core:1.2.3
com.amazonaws:aws-java-sdk-acm:1.11.339
com.amazonaws:aws-java-sdk-acmpca:1.11.339
com.amazonaws:aws-java-sdk-alexaforbusiness:1.11.339
com.amazonaws:aws-java-sdk-api-gateway:1.11.339
com.amazonaws:aws-java-sdk-applicationautoscaling:1.11.339
com.amazonaws:aws-java-sdk-appstream:1.11.339
com.amazonaws:aws-java-sdk-appsync:1.11.339
com.amazonaws:aws-java-sdk-athena:1.11.339
com.amazonaws:aws-java-sdk-autoscaling:1.11.339
com.amazonaws:aws-java-sdk-autoscalingplans:1.11.339
com.amazonaws:aws-java-sdk-batch:1.11.339
com.amazonaws:aws-java-sdk-budgets:1.11.339
com.amazonaws:aws-java-sdk-cloud9:1.11.339
com.amazonaws:aws-java-sdk-clouddirectory:1.11.339
com.amazonaws:aws-java-sdk-cloudformation:1.11.339
com.amazonaws:aws-java-sdk-cloudfront:1.11.339
com.amazonaws:aws-java-sdk-cloudhsm:1.11.339
com.amazonaws:aws-java-sdk-cloudhsmv2:1.11.339
com.amazonaws:aws-java-sdk-cloudsearch:1.11.339
com.amazonaws:aws-java-sdk-cloudtrail:1.11.339
com.amazonaws:aws-java-sdk-cloudwatch:1.11.339
com.amazonaws:aws-java-sdk-cloudwatchmetrics:1.11.339
com.amazonaws:aws-java-sdk-codebuild:1.11.339
com.amazonaws:aws-java-sdk-codecommit:1.11.339
com.amazonaws:aws-java-sdk-codedeploy:1.11.339
com.amazonaws:aws-java-sdk-codepipeline:1.11.339
com.amazonaws:aws-java-sdk-codestar:1.11.339
com.amazonaws:aws-java-sdk-cognitoidentity:1.11.339
com.amazonaws:aws-java-sdk-cognitoidp:1.11.339
com.amazonaws:aws-java-sdk-cognitosync:1.11.339
com.amazonaws:aws-java-sdk-comprehend:1.11.339
com.amazonaws:aws-java-sdk-config:1.11.339
com.amazonaws:aws-java-sdk-connect:1.11.339
com.amazonaws:aws-java-sdk-core:1.11.339
com.amazonaws:aws-java-sdk-costandusagereport:1.11.339
com.amazonaws:aws-java-sdk-costexplorer:1.11.339
com.amazonaws:aws-java-sdk-datapipeline:1.11.339
com.amazonaws:aws-java-sdk-dax:1.11.339
com.amazonaws:aws-java-sdk-devicefarm:1.11.339
com.amazonaws:aws-java-sdk-directconnect:1.11.339
com.amazonaws:aws-java-sdk-directory:1.11.339
com.amazonaws:aws-java-sdk-discovery:1.11.339
com.amazonaws:aws-java-sdk-dms:1.11.339
com.amazonaws:aws-java-sdk-dynamodb:1.11.339
com.amazonaws:aws-java-sdk-ec2:1.11.339
com.amazonaws:aws-java-sdk-ecr:1.11.339
com.amazonaws:aws-java-sdk-ecs:1.11.339
com.amazonaws:aws-java-sdk-efs:1.11.339
com.amazonaws:aws-java-sdk-elasticache:1.11.339
com.amazonaws:aws-java-sdk-elasticbeanstalk:1.11.339
com.amazonaws:aws-java-sdk-elasticloadbalancing:1.11.339
com.amazonaws:aws-java-sdk-elasticloadbalancingv2:1.11.339
com.amazonaws:aws-java-sdk-elasticsearch:1.11.339
com.amazonaws:aws-java-sdk-elastictranscoder:1.11.339
com.amazonaws:aws-java-sdk-emr:1.11.339
com.amazonaws:aws-java-sdk-events:1.11.339
com.amazonaws:aws-java-sdk-fms:1.11.339
com.amazonaws:aws-java-sdk-gamelift:1.11.339
com.amazonaws:aws-java-sdk-glacier:1.11.339
com.amazonaws:aws-java-sdk-glue:1.11.339
com.amazonaws:aws-java-sdk-greengrass:1.11.339
com.amazonaws:aws-java-sdk-guardduty:1.11.339
com.amazonaws:aws-java-sdk-health:1.11.339
com.amazonaws:aws-java-sdk-iam:1.11.339
com.amazonaws:aws-java-sdk-importexport:1.11.339
com.amazonaws:aws-java-sdk-inspector:1.11.339
com.amazonaws:aws-java-sdk-iot1clickdevices:1.11.339
com.amazonaws:aws-java-sdk-iot1clickprojects:1.11.339
com.amazonaws:aws-java-sdk-iot:1.11.339
com.amazonaws:aws-java-sdk-iotanalytics:1.11.339
com.amazonaws:aws-java-sdk-iotjobsdataplane:1.11.339
com.amazonaws:aws-java-sdk-kinesis:1.11.339
com.amazonaws:aws-java-sdk-kinesisvideo:1.11.339
com.amazonaws:aws-java-sdk-kms:1.11.339
com.amazonaws:aws-java-sdk-lambda:1.11.339
com.amazonaws:aws-java-sdk-lex:1.11.339
com.amazonaws:aws-java-sdk-lexmodelbuilding:1.11.339
com.amazonaws:aws-java-sdk-lightsail:1.11.339
com.amazonaws:aws-java-sdk-logs:1.11.339
com.amazonaws:aws-java-sdk-machinelearning:1.11.339
com.amazonaws:aws-java-sdk-marketplacecommerceanalytics:1.11.339
com.amazonaws:aws-java-sdk-marketplaceentitlement:1.11.339
com.amazonaws:aws-java-sdk-marketplacemeteringservice:1.11.339
com.amazonaws:aws-java-sdk-mechanicalturkrequester:1.11.339
com.amazonaws:aws-java-sdk-mediaconvert:1.11.339
com.amazonaws:aws-java-sdk-medialive:1.11.339
com.amazonaws:aws-java-sdk-mediapackage:1.11.339
com.amazonaws:aws-java-sdk-mediastore:1.11.339
com.amazonaws:aws-java-sdk-mediastoredata:1.11.339
com.amazonaws:aws-java-sdk-migrationhub:1.11.339
com.amazonaws:aws-java-sdk-mobile:1.11.339
com.amazonaws:aws-java-sdk-models:1.11.339
com.amazonaws:aws-java-sdk-mq:1.11.339
com.amazonaws:aws-java-sdk-neptune:1.11.339
com.amazonaws:aws-java-sdk-opsworks:1.11.339
com.amazonaws:aws-java-sdk-opsworkscm:1.11.339
com.amazonaws:aws-java-sdk-organizations:1.11.339
com.amazonaws:aws-java-sdk-pi:1.11.339
com.amazonaws:aws-java-sdk-pinpoint:1.11.339
com.amazonaws:aws-java-sdk-polly:1.11.339
com.amazonaws:aws-java-sdk-pricing:1.11.339
com.amazonaws:aws-java-sdk-rds:1.11.339
com.amazonaws:aws-java-sdk-redshift:1.11.339
com.amazonaws:aws-java-sdk-rekognition:1.11.339
com.amazonaws:aws-java-sdk-resourcegroups:1.11.339
com.amazonaws:aws-java-sdk-resourcegroupstaggingapi:1.11.339
com.amazonaws:aws-java-sdk-route53:1.11.339
com.amazonaws:aws-java-sdk-s3:1.11.339
com.amazonaws:aws-java-sdk-sagemaker:1.11.339
com.amazonaws:aws-java-sdk-sagemakerruntime:1.11.339
com.amazonaws:aws-java-sdk-secretsmanager:1.11.339
com.amazonaws:aws-java-sdk-serverlessapplicationrepository:1.11.339
com.amazonaws:aws-java-sdk-servermigration:1.11.339
com.amazonaws:aws-java-sdk-servicecatalog:1.11.339
com.amazonaws:aws-java-sdk-servicediscovery:1.11.339
com.amazonaws:aws-java-sdk-ses:1.11.339
com.amazonaws:aws-java-sdk-shield:1.11.339
com.amazonaws:aws-java-sdk-simpledb:1.11.339
com.amazonaws:aws-java-sdk-simpleworkflow:1.11.339
com.amazonaws:aws-java-sdk-snowball:1.11.339
com.amazonaws:aws-java-sdk-sns:1.11.339
com.amazonaws:aws-java-sdk-sqs:1.11.339
com.amazonaws:aws-java-sdk-ssm:1.11.339
com.amazonaws:aws-java-sdk-stepfunctions:1.11.339
com.amazonaws:aws-java-sdk-storagegateway:1.11.339
com.amazonaws:aws-java-sdk-sts:1.11.339
com.amazonaws:aws-java-sdk-support:1.11.339
com.amazonaws:aws-java-sdk-swf-libraries:1.11.22
com.amazonaws:aws-java-sdk-transcribe:1.11.339
com.amazonaws:aws-java-sdk-translate:1.11.339
com.amazonaws:aws-java-sdk-waf:1.11.339
com.amazonaws:aws-java-sdk-workdocs:1.11.339
com.amazonaws:aws-java-sdk-workmail:1.11.339
com.amazonaws:aws-java-sdk-workspaces:1.11.339
com.amazonaws:aws-java-sdk-xray:1.11.339
com.amazonaws:aws-java-sdk:1.11.339
com.amazonaws:jmespath-java:1.11.339
com.fasterxml.jackson.core:jackson-annotations:2.9.6
com.fasterxml.jackson.core:jackson-core:2.9.6
com.fasterxml.jackson.core:jackson-databind:2.9.6
com.fasterxml.jackson.dataformat:jackson-dataformat-cbor:2.6.7
com.fasterxml.jackson.datatype:jackson-datatype-jsr310:2.9.6
com.fasterxml.jackson.module:jackson-module-kotlin:2.9.6
com.fasterxml:classmate:1.3.1
com.github.andrewoma.dexx:dexx-collections:0.2
com.github.jonpeterson:jackson-module-model-versioning:1.2.2
com.github.vlsi.compactmap:compactmap:1.2.1
com.google.code.findbugs:annotations:2.0.0
com.google.code.findbugs:jsr305:3.0.1
com.google.code.gson:gson:2.3.1
com.google.guava:guava:20.0
com.google.inject:guice:4.1.0
com.natpryce:hamkrest:1.4.2.2
com.netflix.archaius:archaius-core:0.7.5
com.netflix.awsobjectmapper:awsobjectmapper:1.11.339
com.netflix.eureka:eureka-client:1.8.6
com.netflix.frigga:frigga:0.18.0
com.netflix.netflix-commons:netflix-eventbus:0.3.0
com.netflix.netflix-commons:netflix-infix:0.3.0
com.netflix.servo:servo-core:0.10.1
com.netflix.servo:servo-internal:0.10.1
com.netflix.spectator:spectator-api:0.57.1
com.netflix.spectator:spectator-ext-aws:0.57.1
com.netflix.spectator:spectator-ext-gc:0.57.1
com.netflix.spectator:spectator-ext-jvm:0.57.1
com.netflix.spectator:spectator-web-spring:0.57.1
com.netflix.spinnaker.kork:kork-core:1.133.0
com.netflix.spinnaker.kork:kork-exceptions:1.133.0
com.netflix.spinnaker.kork:kork-security:1.133.0
com.netflix.spinnaker.kork:kork-web:1.133.0
com.netflix.spinnaker.moniker:moniker:0.2.0
com.nhaarman:mockito-kotlin:1.5.0
com.squareup.okhttp3:okhttp:3.10.0
com.squareup.okhttp:okhttp-apache:2.7.5
com.squareup.okhttp:okhttp-urlconnection:2.7.5
com.squareup.okhttp:okhttp:2.7.5
com.squareup.okio:okio:1.14.0
com.squareup.retrofit:converter-jackson:1.9.0
com.squareup.retrofit:retrofit:1.9.0
com.sun.jersey.contribs:jersey-apache-client4:1.19.1
com.sun.jersey:jersey-client:1.19.1
com.sun.jersey:jersey-core:1.19.1
com.thoughtworks.xstream:xstream:1.4.10
commons-codec:commons-codec:1.10
commons-configuration:commons-configuration:1.8
commons-jxpath:commons-jxpath:1.3
commons-lang:commons-lang:2.6
commons-logging:commons-logging:1.2
io.netty:netty-buffer:4.1.17.Final
io.netty:netty-codec-http:4.1.17.Final
io.netty:netty-codec:4.1.17.Final
io.netty:netty-common:4.1.17.Final
io.netty:netty-handler:4.1.17.Final
io.netty:netty-resolver:4.1.17.Final
io.netty:netty-transport:4.1.17.Final
javax.inject:javax.inject:1
javax.validation:validation-api:1.1.0.Final
javax.ws.rs:jsr311-api:1.1.1
joda-time:joda-time:2.8.1
junit:junit:4.12
net.bytebuddy:byte-buddy-agent:1.6.14
net.bytebuddy:byte-buddy:1.6.14
net.logstash.logback:logstash-logback-encoder:4.11
org.antlr:antlr-runtime:3.4
org.antlr:stringtemplate:3.2.1
org.apache.commons:commons-math:2.2
org.apache.httpcomponents:httpclient:4.5.5
org.apache.httpcomponents:httpcore:4.4.9
org.apache.tomcat.embed:tomcat-embed-core:8.5.27
org.apache.tomcat.embed:tomcat-embed-el:8.5.27
org.apache.tomcat.embed:tomcat-embed-websocket:8.5.27
org.apache.tomcat:tomcat-annotations-api:8.5.27
org.apiguardian:apiguardian-api:1.0.0
org.codehaus.groovy:groovy-all:2.4.13
org.codehaus.jettison:jettison:1.3.7
org.hamcrest:hamcrest-core:1.3
org.hibernate:hibernate-validator:5.3.6.Final
org.jboss.logging:jboss-logging:3.3.0.Final
org.jetbrains.kotlin:kotlin-reflect:1.2.50
org.jetbrains.kotlin:kotlin-stdlib-common:1.2.50
org.jetbrains.kotlin:kotlin-stdlib-jdk7:1.2.50
org.jetbrains.kotlin:kotlin-stdlib-jdk8:1.2.50
org.jetbrains.kotlin:kotlin-stdlib:1.2.50
org.jetbrains:annotations:13.0
org.junit.jupiter:junit-jupiter-api:5.2.0
org.junit.jupiter:junit-jupiter-params:5.2.0
org.junit.platform:junit-platform-commons:1.2.0
org.junit.platform:junit-platform-engine:1.2.0
org.junit.platform:junit-platform-launcher:1.2.0
org.junit.platform:junit-platform-runner:1.2.0
org.junit.platform:junit-platform-suite-api:1.2.0
org.mockito:mockito-core:2.8.9
org.objenesis:objenesis:2.5
org.opentest4j:opentest4j:1.1.0
org.slf4j:jcl-over-slf4j:1.7.25
org.slf4j:jul-to-slf4j:1.7.25
org.slf4j:log4j-over-slf4j:1.7.25
org.slf4j:slf4j-api:1.7.25
org.springframework.boot:spring-boot-actuator:1.5.10.RELEASE
org.springframework.boot:spring-boot-autoconfigure:1.5.10.RELEASE
org.springframework.boot:spring-boot-starter-actuator:1.5.10.RELEASE
org.springframework.boot:spring-boot-starter-logging:1.5.10.RELEASE
org.springframework.boot:spring-boot-starter-tomcat:1.5.10.RELEASE
org.springframework.boot:spring-boot-starter-web:1.5.10.RELEASE
org.springframework.boot:spring-boot-starter:1.5.10.RELEASE
org.springframework.boot:spring-boot:1.5.10.RELEASE
org.springframework.security:spring-security-core:4.2.4.RELEASE
org.springframework:spring-aop:4.3.14.RELEASE
org.springframework:spring-beans:4.3.14.RELEASE
org.springframework:spring-context:4.3.14.RELEASE
org.springframework:spring-core:4.3.14.RELEASE
org.springframework:spring-expression:4.3.14.RELEASE
org.springframework:spring-web:4.3.14.RELEASE
org.springframework:spring-webmvc:4.3.14.RELEASE
org.yaml:snakeyaml:1.17
software.amazon.ion:ion-java:1.0.2
stax:stax-api:1.0.1
xmlpull:xmlpull:1.1.3.1
xpp3:xpp3_min:1.1.4c
