# THIS IS AN AUTOGENERATED FILE. DO NOT EDIT THIS FILE DIRECTLY.
# yarn lockfile v1


"@spinnaker/core@latest":
  version "0.0.450"
  resolved "https://registry.yarnpkg.com/@spinnaker/core/-/core-0.0.450.tgz#db3e2d1bd2423e9da737fcc532493edd493ed8ba"
  integrity sha512-pAKvqbgOwq7JHs68ZLgrn3H/SOwzZFVl74QQw9fK62IrOvsrMPsg6oqSZZeaqHlkY8bj6GpQRi5QILqmci36fA==

"@spinnaker/eslint-plugin@latest":
  version "1.0.4"
  resolved "https://registry.yarnpkg.com/@spinnaker/eslint-plugin/-/eslint-plugin-1.0.4.tgz#1d53907c9f33c45e791114de9274bd6012afac45"
  integrity sha512-vDcFPA5T9A5P5/jWflZ6TuyUd4dwjx/UxBpGQZ8jJJJ+AqoNxhChUXJQ61Bz3/gp7YXD+WFHY+quOyRrH8SQCA==
  dependencies:
    lodash "^4.17.15"

lodash@^4.17.15:
  version "4.17.15"
  resolved "https://registry.yarnpkg.com/lodash/-/lodash-4.17.15.tgz#b447f6670a0455bbfeedd11392eff330ea097548"
  integrity sha512-8xOcRHvCjnocdS5cpwXQXVzmmh5e5+saE2QGoeQmbKmRS6J3VQppPOIt0MnmE+4xlZoumy0GPG0D0MVIQbNA1A==

typescript@~3.8.2:
  version "3.8.2"
  resolved "https://registry.yarnpkg.com/typescript/-/typescript-3.8.2.tgz#91d6868aaead7da74f493c553aeff76c0c0b1d5a"
  integrity sha512-EgOVgL/4xfVrCMbhYKUQTdF37SQn4Iw73H5BgCrF1Abdun7Kwy/QZsE/ssAy0y4LxBbvua3PIbFsbRczWWnDdQ==
