# THIS IS AN AUTOGENERATED FILE. DO NOT EDIT THIS FILE DIRECTLY.
# yarn lockfile v1


"@spinnaker/amazon@latest":
  version "0.0.252"
  resolved "https://registry.yarnpkg.com/@spinnaker/amazon/-/amazon-0.0.252.tgz#36c74bd4a2622b30cc4f81ddd0a1942280fb2212"
  integrity sha512-qwv9VsBrBm5p7Y5TyytJHqmM57gC8fxfR0Wag262VPQQJgKED5OiLvYTQgUFLddz3PLu8HFitOrDtQ1BHtOwnw==

"@spinnaker/core@latest":
  version "0.0.450"
  resolved "https://registry.yarnpkg.com/@spinnaker/core/-/core-0.0.450.tgz#db3e2d1bd2423e9da737fcc532493edd493ed8ba"
  integrity sha512-pAKvqbgOwq7JHs68ZLgrn3H/SOwzZFVl74QQw9fK62IrOvsrMPsg6oqSZZeaqHlkY8bj6GpQRi5QILqmci36fA==

"@spinnaker/eslint-plugin@latest":
  version "1.0.4"
  resolved "https://registry.yarnpkg.com/@spinnaker/eslint-plugin/-/eslint-plugin-1.0.4.tgz#1d53907c9f33c45e791114de9274bd6012afac45"
  integrity sha512-vDcFPA5T9A5P5/jWflZ6TuyUd4dwjx/UxBpGQZ8jJJJ+AqoNxhChUXJQ61Bz3/gp7YXD+WFHY+quOyRrH8SQCA==
  dependencies:
    lodash "^4.17.15"

lodash@^4.17.15:
  version "4.17.21"
  resolved "https://registry.yarnpkg.com/lodash/-/lodash-4.17.21.tgz#679591c564c3bffaae8454cf0b3df370c3d6911c"
  integrity sha512-v2kDEe57lecTulaDIuNTPy3Ry4gLGJ6Z1O3vE1krgXZNrsQ+LFTGHVxVjcXPs17LhbZVGedAJv8XZ1tvj5FvSg==

typescript@~3.8.2:
  version "3.8.2"
  resolved "https://registry.yarnpkg.com/typescript/-/typescript-3.8.2.tgz#91d6868aaead7da74f493c553aeff76c0c0b1d5a"
  integrity sha512-EgOVgL/4xfVrCMbhYKUQTdF37SQn4Iw73H5BgCrF1Abdun7Kwy/QZsE/ssAy0y4LxBbvua3PIbFsbRczWWnDdQ==
