# This is a Gradle generated file for dependency locking.
# Manual edits can break the build and are not advised.
# This file is expected to be part of source control.
antlr:antlr:2.7.7
aopalliance:aopalliance:1.0
ch.qos.logback:logback-classic:1.1.11
ch.qos.logback:logback-core:1.1.11
com.amazonaws:aws-java-sdk-core:1.11.409
com.fasterxml.jackson.core:jackson-annotations:2.9.6
com.fasterxml.jackson.core:jackson-core:2.9.6
com.fasterxml.jackson.core:jackson-databind:2.9.6
com.fasterxml.jackson.dataformat:jackson-dataformat-cbor:2.9.6
com.fasterxml.jackson.dataformat:jackson-dataformat-yaml:2.9.6
com.fasterxml.jackson.module:jackson-module-kotlin:2.9.6
com.fasterxml:classmate:1.3.1
com.github.andrewoma.dexx:dexx-collections:0.2
com.github.vlsi.compactmap:compactmap:1.2.1
com.google.code.findbugs:jsr305:3.0.2
com.google.code.gson:gson:2.1
com.google.guava:guava:19.0
com.google.inject:guice:4.1.0
com.jayway.jsonpath:json-path:2.2.0
com.netflix.archaius:archaius-core:0.7.6
com.netflix.eureka:eureka-client:1.9.2
com.netflix.netflix-commons:netflix-eventbus:0.3.0
com.netflix.netflix-commons:netflix-infix:0.3.0
com.netflix.servo:servo-core:0.12.21
com.netflix.spectator:spectator-api:0.75.0
com.netflix.spectator:spectator-ext-aws:0.75.0
com.netflix.spectator:spectator-ext-gc:0.75.0
com.netflix.spectator:spectator-ext-jvm:0.75.0
com.netflix.spectator:spectator-web-spring:0.75.0
com.netflix.spinnaker.kork:kork-core:2.6.0
com.nhaarman:mockito-kotlin:1.5.0
com.sun.jersey.contribs:jersey-apache-client4:1.19.1
com.sun.jersey:jersey-client:1.19.1
com.sun.jersey:jersey-core:1.19.1
com.thoughtworks.xstream:xstream:1.4.10
com.typesafe:config:1.3.3
com.vaadin.external.google:android-json:0.0.20131108.vaadin1
commons-codec:commons-codec:1.10
commons-configuration:commons-configuration:1.8
commons-jxpath:commons-jxpath:1.3
commons-lang:commons-lang:2.6
commons-logging:commons-logging:1.2
io.strikt:strikt-core:0.16.3
javax.inject:javax.inject:1
javax.validation:validation-api:1.1.0.Final
javax.ws.rs:jsr311-api:1.1.1
joda-time:joda-time:2.8.1
junit:junit:4.12
net.bytebuddy:byte-buddy-agent:1.6.14
net.bytebuddy:byte-buddy:1.6.14
net.minidev:accessors-smart:1.1
net.minidev:json-smart:2.2.1
org.antlr:antlr-runtime:3.4
org.antlr:stringtemplate:3.2.1
org.apache.commons:commons-math:2.2
org.apache.httpcomponents:httpclient:4.5.5
org.apache.httpcomponents:httpcore:4.4.9
org.apache.tomcat.embed:tomcat-embed-core:8.5.31
org.apache.tomcat.embed:tomcat-embed-el:8.5.31
org.apache.tomcat.embed:tomcat-embed-websocket:8.5.31
org.apache.tomcat:tomcat-annotations-api:8.5.31
org.apiguardian:apiguardian-api:1.0.0
org.assertj:assertj-core:2.6.0
org.codehaus.jettison:jettison:1.3.7
org.hamcrest:hamcrest-core:1.3
org.hamcrest:hamcrest-library:1.3
org.hibernate:hibernate-validator:5.3.6.Final
org.jboss.logging:jboss-logging:3.3.0.Final
org.jetbrains.kotlin:kotlin-reflect:1.3.0
org.jetbrains.kotlin:kotlin-stdlib-common:1.3.0
org.jetbrains.kotlin:kotlin-stdlib-jdk7:1.3.0
org.jetbrains.kotlin:kotlin-stdlib-jdk8:1.3.0
org.jetbrains.kotlin:kotlin-stdlib:1.3.0
org.jetbrains:annotations:13.0
org.junit.jupiter:junit-jupiter-api:5.3.1
org.junit.platform:junit-platform-commons:1.3.1
org.junit.platform:junit-platform-engine:1.3.1
org.junit.platform:junit-platform-launcher:1.3.1
org.junit.platform:junit-platform-runner:1.3.1
org.junit.platform:junit-platform-suite-api:1.3.1
org.mockito:mockito-core:2.8.9
org.objenesis:objenesis:2.5
org.opentest4j:opentest4j:1.1.1
org.ow2.asm:asm:5.0.3
org.skyscreamer:jsonassert:1.4.0
org.slf4j:jcl-over-slf4j:1.7.25
org.slf4j:jul-to-slf4j:1.7.25
org.slf4j:log4j-over-slf4j:1.7.25
org.slf4j:slf4j-api:1.7.25
org.springframework.boot:spring-boot-actuator:1.5.14.RELEASE
org.springframework.boot:spring-boot-autoconfigure:1.5.14.RELEASE
org.springframework.boot:spring-boot-starter-actuator:1.5.14.RELEASE
org.springframework.boot:spring-boot-starter-logging:1.5.14.RELEASE
org.springframework.boot:spring-boot-starter-test:1.5.14.RELEASE
org.springframework.boot:spring-boot-starter-tomcat:1.5.14.RELEASE
org.springframework.boot:spring-boot-starter-web:1.5.14.RELEASE
org.springframework.boot:spring-boot-starter:1.5.14.RELEASE
org.springframework.boot:spring-boot-test-autoconfigure:1.5.14.RELEASE
org.springframework.boot:spring-boot-test:1.5.14.RELEASE
org.springframework.boot:spring-boot:1.5.14.RELEASE
org.springframework:spring-aop:4.3.18.RELEASE
org.springframework:spring-beans:4.3.18.RELEASE
org.springframework:spring-context:4.3.18.RELEASE
org.springframework:spring-core:4.3.18.RELEASE
org.springframework:spring-expression:4.3.18.RELEASE
org.springframework:spring-test:4.3.18.RELEASE
org.springframework:spring-web:4.3.18.RELEASE
org.springframework:spring-webmvc:4.3.18.RELEASE
org.yaml:snakeyaml:1.18
software.amazon.ion:ion-java:1.0.2
stax:stax-api:1.0.1
xmlpull:xmlpull:1.1.3.1
xpp3:xpp3_min:1.1.4c
