{
    "compile": {
        "com.fasterxml.jackson.core:jackson-annotations": {
            "firstLevelTransitive": [
                "com.netflix.spinnaker.keel:keel-core"
            ],
            "locked": "2.9.2"
        },
        "com.fasterxml.jackson.core:jackson-databind": {
            "firstLevelTransitive": [
                "com.netflix.spinnaker.keel:keel-core"
            ],
            "locked": "2.9.2"
        },
        "com.fasterxml.jackson.datatype:jackson-datatype-jsr310": {
            "firstLevelTransitive": [
                "com.netflix.spinnaker.keel:keel-core"
            ],
            "locked": "2.9.2"
        },
        "com.fasterxml.jackson.module:jackson-module-kotlin": {
            "firstLevelTransitive": [
                "com.netflix.spinnaker.keel:keel-core"
            ],
            "locked": "2.9.2"
        },
        "com.github.jonpeterson:jackson-module-model-versioning": {
            "firstLevelTransitive": [
                "com.netflix.spinnaker.keel:keel-core"
            ],
            "locked": "1.2.2"
        },
        "com.netflix.spinnaker.keel:keel-clouddriver": {
            "project": true
        },
        "com.netflix.spinnaker.keel:keel-core": {
            "firstLevelTransitive": [
                "com.netflix.spinnaker.keel:keel-retrofit"
            ],
            "project": true
        },
        "com.netflix.spinnaker.keel:keel-retrofit": {
            "firstLevelTransitive": [
                "com.netflix.spinnaker.keel:keel-clouddriver"
            ],
            "project": true
        },
        "com.netflix.spinnaker.kork:kork-core": {
            "firstLevelTransitive": [
                "com.netflix.spinnaker.keel:keel-core"
            ],
            "locked": "1.108.0"
        },
        "com.netflix.spinnaker.kork:kork-web": {
            "firstLevelTransitive": [
                "com.netflix.spinnaker.keel:keel-retrofit"
            ],
            "locked": "1.108.0"
        },
        "com.netflix.spinnaker.moniker:moniker": {
            "firstLevelTransitive": [
                "com.netflix.spinnaker.keel:keel-clouddriver"
            ],
            "locked": "0.2.0"
        },
        "com.squareup.okhttp:okhttp-apache": {
            "firstLevelTransitive": [
                "com.netflix.spinnaker.keel:keel-retrofit"
            ],
            "locked": "2.7.5"
        },
        "com.squareup.okhttp:okhttp-urlconnection": {
            "firstLevelTransitive": [
                "com.netflix.spinnaker.keel:keel-retrofit"
            ],
            "locked": "2.7.5"
        },
        "com.squareup.retrofit:converter-jackson": {
            "firstLevelTransitive": [
                "com.netflix.spinnaker.keel:keel-retrofit"
            ],
            "locked": "1.9.0"
        },
        "com.squareup.retrofit:retrofit": {
            "firstLevelTransitive": [
                "com.netflix.spinnaker.keel:keel-retrofit"
            ],
            "locked": "1.9.0"
        },
        "io.reactivex:rxjava": {
            "firstLevelTransitive": [
                "com.netflix.spinnaker.keel:keel-retrofit"
            ],
            "locked": "1.0.17"
        },
        "net.logstash.logback:logstash-logback-encoder": {
            "firstLevelTransitive": [
                "com.netflix.spinnaker.keel:keel-core"
            ],
            "locked": "4.11"
        },
        "org.jetbrains.kotlin:kotlin-stdlib-jre8": {
            "firstLevelTransitive": [
                "com.netflix.spinnaker.keel:keel-clouddriver",
                "com.netflix.spinnaker.keel:keel-core",
                "com.netflix.spinnaker.keel:keel-retrofit"
            ],
            "locked": "1.1.60",
            "requested": "1.1.60"
        },
        "org.slf4j:slf4j-api": {
            "firstLevelTransitive": [
                "com.netflix.spinnaker.keel:keel-core"
            ],
            "locked": "1.7.25"
        },
        "redis.clients:jedis": {
            "firstLevelTransitive": [
                "com.netflix.spinnaker.keel:keel-core"
            ],
            "locked": "2.9.0"
        }
    },
    "compileClasspath": {
        "com.fasterxml.jackson.core:jackson-annotations": {
            "firstLevelTransitive": [
                "com.netflix.spinnaker.keel:keel-core"
            ],
            "locked": "2.9.2"
        },
        "com.fasterxml.jackson.core:jackson-databind": {
            "firstLevelTransitive": [
                "com.netflix.spinnaker.keel:keel-core"
            ],
            "locked": "2.9.2"
        },
        "com.fasterxml.jackson.datatype:jackson-datatype-jsr310": {
            "firstLevelTransitive": [
                "com.netflix.spinnaker.keel:keel-core"
            ],
            "locked": "2.9.2"
        },
        "com.fasterxml.jackson.module:jackson-module-kotlin": {
            "firstLevelTransitive": [
                "com.netflix.spinnaker.keel:keel-core"
            ],
            "locked": "2.9.2"
        },
        "com.github.jonpeterson:jackson-module-model-versioning": {
            "firstLevelTransitive": [
                "com.netflix.spinnaker.keel:keel-core"
            ],
            "locked": "1.2.2"
        },
        "com.netflix.spinnaker.keel:keel-clouddriver": {
            "project": true
        },
        "com.netflix.spinnaker.keel:keel-core": {
            "firstLevelTransitive": [
                "com.netflix.spinnaker.keel:keel-retrofit"
            ],
            "project": true
        },
        "com.netflix.spinnaker.keel:keel-retrofit": {
            "firstLevelTransitive": [
                "com.netflix.spinnaker.keel:keel-clouddriver"
            ],
            "project": true
        },
        "com.netflix.spinnaker.kork:kork-core": {
            "firstLevelTransitive": [
                "com.netflix.spinnaker.keel:keel-core"
            ],
            "locked": "1.108.0"
        },
        "com.netflix.spinnaker.kork:kork-web": {
            "firstLevelTransitive": [
                "com.netflix.spinnaker.keel:keel-retrofit"
            ],
            "locked": "1.108.0"
        },
        "com.netflix.spinnaker.moniker:moniker": {
            "firstLevelTransitive": [
                "com.netflix.spinnaker.keel:keel-clouddriver"
            ],
            "locked": "0.2.0"
        },
        "com.squareup.okhttp:okhttp-apache": {
            "firstLevelTransitive": [
                "com.netflix.spinnaker.keel:keel-retrofit"
            ],
            "locked": "2.7.5"
        },
        "com.squareup.okhttp:okhttp-urlconnection": {
            "firstLevelTransitive": [
                "com.netflix.spinnaker.keel:keel-retrofit"
            ],
            "locked": "2.7.5"
        },
        "com.squareup.retrofit:converter-jackson": {
            "firstLevelTransitive": [
                "com.netflix.spinnaker.keel:keel-retrofit"
            ],
            "locked": "1.9.0"
        },
        "com.squareup.retrofit:retrofit": {
            "firstLevelTransitive": [
                "com.netflix.spinnaker.keel:keel-retrofit"
            ],
            "locked": "1.9.0"
        },
        "io.reactivex:rxjava": {
            "firstLevelTransitive": [
                "com.netflix.spinnaker.keel:keel-retrofit"
            ],
            "locked": "1.0.17"
        },
        "net.logstash.logback:logstash-logback-encoder": {
            "firstLevelTransitive": [
                "com.netflix.spinnaker.keel:keel-core"
            ],
            "locked": "4.11"
        },
        "org.jetbrains.kotlin:kotlin-stdlib-jre8": {
            "firstLevelTransitive": [
                "com.netflix.spinnaker.keel:keel-clouddriver",
                "com.netflix.spinnaker.keel:keel-core",
                "com.netflix.spinnaker.keel:keel-retrofit"
            ],
            "locked": "1.1.60",
            "requested": "1.1.60"
        },
        "org.slf4j:slf4j-api": {
            "firstLevelTransitive": [
                "com.netflix.spinnaker.keel:keel-core"
            ],
            "locked": "1.7.25"
        },
        "redis.clients:jedis": {
            "firstLevelTransitive": [
                "com.netflix.spinnaker.keel:keel-core"
            ],
            "locked": "2.9.0"
        }
    },
    "default": {
        "com.fasterxml.jackson.core:jackson-annotations": {
            "firstLevelTransitive": [
                "com.netflix.spinnaker.keel:keel-core"
            ],
            "locked": "2.9.2"
        },
        "com.fasterxml.jackson.core:jackson-databind": {
            "firstLevelTransitive": [
                "com.netflix.spinnaker.keel:keel-core"
            ],
            "locked": "2.9.2"
        },
        "com.fasterxml.jackson.datatype:jackson-datatype-jsr310": {
            "firstLevelTransitive": [
                "com.netflix.spinnaker.keel:keel-core"
            ],
            "locked": "2.9.2"
        },
        "com.fasterxml.jackson.module:jackson-module-kotlin": {
            "firstLevelTransitive": [
                "com.netflix.spinnaker.keel:keel-core"
            ],
            "locked": "2.9.2"
        },
        "com.github.jonpeterson:jackson-module-model-versioning": {
            "firstLevelTransitive": [
                "com.netflix.spinnaker.keel:keel-core"
            ],
            "locked": "1.2.2"
        },
        "com.netflix.spinnaker.keel:keel-clouddriver": {
            "project": true
        },
        "com.netflix.spinnaker.keel:keel-core": {
            "firstLevelTransitive": [
                "com.netflix.spinnaker.keel:keel-retrofit"
            ],
            "project": true
        },
        "com.netflix.spinnaker.keel:keel-retrofit": {
            "firstLevelTransitive": [
                "com.netflix.spinnaker.keel:keel-clouddriver"
            ],
            "project": true
        },
        "com.netflix.spinnaker.kork:kork-core": {
            "firstLevelTransitive": [
                "com.netflix.spinnaker.keel:keel-core"
            ],
            "locked": "1.108.0"
        },
        "com.netflix.spinnaker.kork:kork-web": {
            "firstLevelTransitive": [
                "com.netflix.spinnaker.keel:keel-retrofit"
            ],
            "locked": "1.108.0"
        },
        "com.netflix.spinnaker.moniker:moniker": {
            "firstLevelTransitive": [
                "com.netflix.spinnaker.keel:keel-clouddriver"
            ],
            "locked": "0.2.0"
        },
        "com.squareup.okhttp:okhttp-apache": {
            "firstLevelTransitive": [
                "com.netflix.spinnaker.keel:keel-retrofit"
            ],
            "locked": "2.7.5"
        },
        "com.squareup.okhttp:okhttp-urlconnection": {
            "firstLevelTransitive": [
                "com.netflix.spinnaker.keel:keel-retrofit"
            ],
            "locked": "2.7.5"
        },
        "com.squareup.retrofit:converter-jackson": {
            "firstLevelTransitive": [
                "com.netflix.spinnaker.keel:keel-retrofit"
            ],
            "locked": "1.9.0"
        },
        "com.squareup.retrofit:retrofit": {
            "firstLevelTransitive": [
                "com.netflix.spinnaker.keel:keel-retrofit"
            ],
            "locked": "1.9.0"
        },
        "io.reactivex:rxjava": {
            "firstLevelTransitive": [
                "com.netflix.spinnaker.keel:keel-retrofit"
            ],
            "locked": "1.0.17"
        },
        "net.logstash.logback:logstash-logback-encoder": {
            "firstLevelTransitive": [
                "com.netflix.spinnaker.keel:keel-core"
            ],
            "locked": "4.11"
        },
        "org.jetbrains.kotlin:kotlin-stdlib-jre8": {
            "firstLevelTransitive": [
                "com.netflix.spinnaker.keel:keel-clouddriver",
                "com.netflix.spinnaker.keel:keel-core",
                "com.netflix.spinnaker.keel:keel-retrofit"
            ],
            "locked": "1.1.60",
            "requested": "1.1.60"
        },
        "org.slf4j:slf4j-api": {
            "firstLevelTransitive": [
                "com.netflix.spinnaker.keel:keel-core"
            ],
            "locked": "1.7.25"
        },
        "redis.clients:jedis": {
            "firstLevelTransitive": [
                "com.netflix.spinnaker.keel:keel-core"
            ],
            "locked": "2.9.0"
        }
    },
    "junitPlatform": {
        "org.junit.platform:junit-platform-console": {
            "locked": "1.0.0"
        },
        "org.junit.platform:junit-platform-launcher": {
            "locked": "1.0.0"
        }
    },
    "kapt": {
        "org.jetbrains.kotlin:kotlin-annotation-processing-gradle": {
            "locked": "1.1.60",
            "requested": "1.1.60"
        }
    },
    "kaptTest": {
        "org.jetbrains.kotlin:kotlin-annotation-processing-gradle": {
            "locked": "1.1.60",
            "requested": "1.1.60"
        }
    },
    "runtime": {
        "com.fasterxml.jackson.core:jackson-annotations": {
            "firstLevelTransitive": [
                "com.netflix.spinnaker.keel:keel-core"
            ],
            "locked": "2.9.2"
        },
        "com.fasterxml.jackson.core:jackson-databind": {
            "firstLevelTransitive": [
                "com.netflix.spinnaker.keel:keel-core"
            ],
            "locked": "2.9.2"
        },
        "com.fasterxml.jackson.datatype:jackson-datatype-jsr310": {
            "firstLevelTransitive": [
                "com.netflix.spinnaker.keel:keel-core"
            ],
            "locked": "2.9.2"
        },
        "com.fasterxml.jackson.module:jackson-module-kotlin": {
            "firstLevelTransitive": [
                "com.netflix.spinnaker.keel:keel-core"
            ],
            "locked": "2.9.2"
        },
        "com.github.jonpeterson:jackson-module-model-versioning": {
            "firstLevelTransitive": [
                "com.netflix.spinnaker.keel:keel-core"
            ],
            "locked": "1.2.2"
        },
        "com.netflix.spinnaker.keel:keel-clouddriver": {
            "project": true
        },
        "com.netflix.spinnaker.keel:keel-core": {
            "firstLevelTransitive": [
                "com.netflix.spinnaker.keel:keel-retrofit"
            ],
            "project": true
        },
        "com.netflix.spinnaker.keel:keel-retrofit": {
            "firstLevelTransitive": [
                "com.netflix.spinnaker.keel:keel-clouddriver"
            ],
            "project": true
        },
        "com.netflix.spinnaker.kork:kork-core": {
            "firstLevelTransitive": [
                "com.netflix.spinnaker.keel:keel-core"
            ],
            "locked": "1.108.0"
        },
        "com.netflix.spinnaker.kork:kork-web": {
            "firstLevelTransitive": [
                "com.netflix.spinnaker.keel:keel-retrofit"
            ],
            "locked": "1.108.0"
        },
        "com.netflix.spinnaker.moniker:moniker": {
            "firstLevelTransitive": [
                "com.netflix.spinnaker.keel:keel-clouddriver"
            ],
            "locked": "0.2.0"
        },
        "com.squareup.okhttp:okhttp-apache": {
            "firstLevelTransitive": [
                "com.netflix.spinnaker.keel:keel-retrofit"
            ],
            "locked": "2.7.5"
        },
        "com.squareup.okhttp:okhttp-urlconnection": {
            "firstLevelTransitive": [
                "com.netflix.spinnaker.keel:keel-retrofit"
            ],
            "locked": "2.7.5"
        },
        "com.squareup.retrofit:converter-jackson": {
            "firstLevelTransitive": [
                "com.netflix.spinnaker.keel:keel-retrofit"
            ],
            "locked": "1.9.0"
        },
        "com.squareup.retrofit:retrofit": {
            "firstLevelTransitive": [
                "com.netflix.spinnaker.keel:keel-retrofit"
            ],
            "locked": "1.9.0"
        },
        "io.reactivex:rxjava": {
            "firstLevelTransitive": [
                "com.netflix.spinnaker.keel:keel-retrofit"
            ],
            "locked": "1.0.17"
        },
        "net.logstash.logback:logstash-logback-encoder": {
            "firstLevelTransitive": [
                "com.netflix.spinnaker.keel:keel-core"
            ],
            "locked": "4.11"
        },
        "org.jetbrains.kotlin:kotlin-stdlib-jre8": {
            "firstLevelTransitive": [
                "com.netflix.spinnaker.keel:keel-clouddriver",
                "com.netflix.spinnaker.keel:keel-core",
                "com.netflix.spinnaker.keel:keel-retrofit"
            ],
            "locked": "1.1.60",
            "requested": "1.1.60"
        },
        "org.slf4j:slf4j-api": {
            "firstLevelTransitive": [
                "com.netflix.spinnaker.keel:keel-core"
            ],
            "locked": "1.7.25"
        },
        "redis.clients:jedis": {
            "firstLevelTransitive": [
                "com.netflix.spinnaker.keel:keel-core"
            ],
            "locked": "2.9.0"
        }
    },
    "runtimeClasspath": {
        "com.fasterxml.jackson.core:jackson-annotations": {
            "firstLevelTransitive": [
                "com.netflix.spinnaker.keel:keel-core"
            ],
            "locked": "2.9.2"
        },
        "com.fasterxml.jackson.core:jackson-databind": {
            "firstLevelTransitive": [
                "com.netflix.spinnaker.keel:keel-core"
            ],
            "locked": "2.9.2"
        },
        "com.fasterxml.jackson.datatype:jackson-datatype-jsr310": {
            "firstLevelTransitive": [
                "com.netflix.spinnaker.keel:keel-core"
            ],
            "locked": "2.9.2"
        },
        "com.fasterxml.jackson.module:jackson-module-kotlin": {
            "firstLevelTransitive": [
                "com.netflix.spinnaker.keel:keel-core"
            ],
            "locked": "2.9.2"
        },
        "com.github.jonpeterson:jackson-module-model-versioning": {
            "firstLevelTransitive": [
                "com.netflix.spinnaker.keel:keel-core"
            ],
            "locked": "1.2.2"
        },
        "com.netflix.spinnaker.keel:keel-clouddriver": {
            "project": true
        },
        "com.netflix.spinnaker.keel:keel-core": {
            "firstLevelTransitive": [
                "com.netflix.spinnaker.keel:keel-retrofit"
            ],
            "project": true
        },
        "com.netflix.spinnaker.keel:keel-retrofit": {
            "firstLevelTransitive": [
                "com.netflix.spinnaker.keel:keel-clouddriver"
            ],
            "project": true
        },
        "com.netflix.spinnaker.kork:kork-core": {
            "firstLevelTransitive": [
                "com.netflix.spinnaker.keel:keel-core"
            ],
            "locked": "1.108.0"
        },
        "com.netflix.spinnaker.kork:kork-web": {
            "firstLevelTransitive": [
                "com.netflix.spinnaker.keel:keel-retrofit"
            ],
            "locked": "1.108.0"
        },
        "com.netflix.spinnaker.moniker:moniker": {
            "firstLevelTransitive": [
                "com.netflix.spinnaker.keel:keel-clouddriver"
            ],
            "locked": "0.2.0"
        },
        "com.squareup.okhttp:okhttp-apache": {
            "firstLevelTransitive": [
                "com.netflix.spinnaker.keel:keel-retrofit"
            ],
            "locked": "2.7.5"
        },
        "com.squareup.okhttp:okhttp-urlconnection": {
            "firstLevelTransitive": [
                "com.netflix.spinnaker.keel:keel-retrofit"
            ],
            "locked": "2.7.5"
        },
        "com.squareup.retrofit:converter-jackson": {
            "firstLevelTransitive": [
                "com.netflix.spinnaker.keel:keel-retrofit"
            ],
            "locked": "1.9.0"
        },
        "com.squareup.retrofit:retrofit": {
            "firstLevelTransitive": [
                "com.netflix.spinnaker.keel:keel-retrofit"
            ],
            "locked": "1.9.0"
        },
        "io.reactivex:rxjava": {
            "firstLevelTransitive": [
                "com.netflix.spinnaker.keel:keel-retrofit"
            ],
            "locked": "1.0.17"
        },
        "net.logstash.logback:logstash-logback-encoder": {
            "firstLevelTransitive": [
                "com.netflix.spinnaker.keel:keel-core"
            ],
            "locked": "4.11"
        },
        "org.jetbrains.kotlin:kotlin-stdlib-jre8": {
            "firstLevelTransitive": [
                "com.netflix.spinnaker.keel:keel-clouddriver",
                "com.netflix.spinnaker.keel:keel-core",
                "com.netflix.spinnaker.keel:keel-retrofit"
            ],
            "locked": "1.1.60",
            "requested": "1.1.60"
        },
        "org.slf4j:slf4j-api": {
            "firstLevelTransitive": [
                "com.netflix.spinnaker.keel:keel-core"
            ],
            "locked": "1.7.25"
        },
        "redis.clients:jedis": {
            "firstLevelTransitive": [
                "com.netflix.spinnaker.keel:keel-core"
            ],
            "locked": "2.9.0"
        }
    },
    "testCompile": {
        "com.fasterxml.jackson.core:jackson-annotations": {
            "firstLevelTransitive": [
                "com.netflix.spinnaker.keel:keel-core"
            ],
            "locked": "2.9.2"
        },
        "com.fasterxml.jackson.core:jackson-databind": {
            "firstLevelTransitive": [
                "com.netflix.spinnaker.keel:keel-core"
            ],
            "locked": "2.9.2"
        },
        "com.fasterxml.jackson.datatype:jackson-datatype-jsr310": {
            "firstLevelTransitive": [
                "com.netflix.spinnaker.keel:keel-core"
            ],
            "locked": "2.9.2"
        },
        "com.fasterxml.jackson.module:jackson-module-kotlin": {
            "firstLevelTransitive": [
                "com.netflix.spinnaker.keel:keel-core"
            ],
            "locked": "2.9.2"
        },
        "com.github.jonpeterson:jackson-module-model-versioning": {
            "firstLevelTransitive": [
                "com.netflix.spinnaker.keel:keel-core"
            ],
            "locked": "1.2.2"
        },
        "com.natpryce:hamkrest": {
            "locked": "1.4.2.2",
            "requested": "+"
        },
        "com.netflix.spinnaker.keel:keel-clouddriver": {
            "project": true
        },
        "com.netflix.spinnaker.keel:keel-core": {
            "firstLevelTransitive": [
                "com.netflix.spinnaker.keel:keel-retrofit"
            ],
            "project": true
        },
        "com.netflix.spinnaker.keel:keel-retrofit": {
            "firstLevelTransitive": [
                "com.netflix.spinnaker.keel:keel-clouddriver"
            ],
            "project": true
        },
        "com.netflix.spinnaker.kork:kork-core": {
            "firstLevelTransitive": [
                "com.netflix.spinnaker.keel:keel-core"
            ],
            "locked": "1.108.0"
        },
        "com.netflix.spinnaker.kork:kork-web": {
            "firstLevelTransitive": [
                "com.netflix.spinnaker.keel:keel-retrofit"
            ],
            "locked": "1.108.0"
        },
        "com.netflix.spinnaker.moniker:moniker": {
            "firstLevelTransitive": [
                "com.netflix.spinnaker.keel:keel-clouddriver"
            ],
            "locked": "0.2.0"
        },
        "com.nhaarman:mockito-kotlin": {
            "locked": "1.5.0",
            "requested": "+"
        },
        "com.squareup.okhttp:okhttp-apache": {
            "firstLevelTransitive": [
                "com.netflix.spinnaker.keel:keel-retrofit"
            ],
            "locked": "2.7.5"
        },
        "com.squareup.okhttp:okhttp-urlconnection": {
            "firstLevelTransitive": [
                "com.netflix.spinnaker.keel:keel-retrofit"
            ],
            "locked": "2.7.5"
        },
        "com.squareup.retrofit:converter-jackson": {
            "firstLevelTransitive": [
                "com.netflix.spinnaker.keel:keel-retrofit"
            ],
            "locked": "1.9.0"
        },
        "com.squareup.retrofit:retrofit": {
            "firstLevelTransitive": [
                "com.netflix.spinnaker.keel:keel-retrofit"
            ],
            "locked": "1.9.0"
        },
        "io.reactivex:rxjava": {
            "firstLevelTransitive": [
                "com.netflix.spinnaker.keel:keel-retrofit"
            ],
            "locked": "1.0.17"
        },
        "net.logstash.logback:logstash-logback-encoder": {
            "firstLevelTransitive": [
                "com.netflix.spinnaker.keel:keel-core"
            ],
            "locked": "4.11"
        },
        "org.jetbrains.kotlin:kotlin-stdlib-jre8": {
            "firstLevelTransitive": [
                "com.netflix.spinnaker.keel:keel-clouddriver",
                "com.netflix.spinnaker.keel:keel-core",
                "com.netflix.spinnaker.keel:keel-retrofit"
            ],
            "locked": "1.1.60",
            "requested": "1.1.60"
        },
        "org.junit.jupiter:junit-jupiter-api": {
            "locked": "5.1.0-M1",
            "requested": "+"
        },
        "org.junit.jupiter:junit-jupiter-params": {
            "locked": "5.1.0-M1",
            "requested": "+"
        },
        "org.junit.platform:junit-platform-runner": {
            "locked": "1.1.0-M1",
            "requested": "+"
        },
        "org.slf4j:slf4j-api": {
            "firstLevelTransitive": [
                "com.netflix.spinnaker.keel:keel-core"
            ],
            "locked": "1.7.25"
        },
        "redis.clients:jedis": {
            "firstLevelTransitive": [
                "com.netflix.spinnaker.keel:keel-core"
            ],
            "locked": "2.9.0"
        }
    },
    "testCompileClasspath": {
        "com.fasterxml.jackson.core:jackson-annotations": {
            "firstLevelTransitive": [
                "com.netflix.spinnaker.keel:keel-core"
            ],
            "locked": "2.9.2"
        },
        "com.fasterxml.jackson.core:jackson-databind": {
            "firstLevelTransitive": [
                "com.netflix.spinnaker.keel:keel-core"
            ],
            "locked": "2.9.2"
        },
        "com.fasterxml.jackson.datatype:jackson-datatype-jsr310": {
            "firstLevelTransitive": [
                "com.netflix.spinnaker.keel:keel-core"
            ],
            "locked": "2.9.2"
        },
        "com.fasterxml.jackson.module:jackson-module-kotlin": {
            "firstLevelTransitive": [
                "com.netflix.spinnaker.keel:keel-core"
            ],
            "locked": "2.9.2"
        },
        "com.github.jonpeterson:jackson-module-model-versioning": {
            "firstLevelTransitive": [
                "com.netflix.spinnaker.keel:keel-core"
            ],
            "locked": "1.2.2"
        },
        "com.natpryce:hamkrest": {
            "locked": "1.4.2.2",
            "requested": "+"
        },
        "com.netflix.spinnaker.keel:keel-clouddriver": {
            "project": true
        },
        "com.netflix.spinnaker.keel:keel-core": {
            "firstLevelTransitive": [
                "com.netflix.spinnaker.keel:keel-retrofit"
            ],
            "project": true
        },
        "com.netflix.spinnaker.keel:keel-retrofit": {
            "firstLevelTransitive": [
                "com.netflix.spinnaker.keel:keel-clouddriver"
            ],
            "project": true
        },
        "com.netflix.spinnaker.kork:kork-core": {
            "firstLevelTransitive": [
                "com.netflix.spinnaker.keel:keel-core"
            ],
            "locked": "1.108.0"
        },
        "com.netflix.spinnaker.kork:kork-web": {
            "firstLevelTransitive": [
                "com.netflix.spinnaker.keel:keel-retrofit"
            ],
            "locked": "1.108.0"
        },
        "com.netflix.spinnaker.moniker:moniker": {
            "firstLevelTransitive": [
                "com.netflix.spinnaker.keel:keel-clouddriver"
            ],
            "locked": "0.2.0"
        },
        "com.nhaarman:mockito-kotlin": {
            "locked": "1.5.0",
            "requested": "+"
        },
        "com.squareup.okhttp:okhttp-apache": {
            "firstLevelTransitive": [
                "com.netflix.spinnaker.keel:keel-retrofit"
            ],
            "locked": "2.7.5"
        },
        "com.squareup.okhttp:okhttp-urlconnection": {
            "firstLevelTransitive": [
                "com.netflix.spinnaker.keel:keel-retrofit"
            ],
            "locked": "2.7.5"
        },
        "com.squareup.retrofit:converter-jackson": {
            "firstLevelTransitive": [
                "com.netflix.spinnaker.keel:keel-retrofit"
            ],
            "locked": "1.9.0"
        },
        "com.squareup.retrofit:retrofit": {
            "firstLevelTransitive": [
                "com.netflix.spinnaker.keel:keel-retrofit"
            ],
            "locked": "1.9.0"
        },
        "io.reactivex:rxjava": {
            "firstLevelTransitive": [
                "com.netflix.spinnaker.keel:keel-retrofit"
            ],
            "locked": "1.0.17"
        },
        "net.logstash.logback:logstash-logback-encoder": {
            "firstLevelTransitive": [
                "com.netflix.spinnaker.keel:keel-core"
            ],
            "locked": "4.11"
        },
        "org.jetbrains.kotlin:kotlin-stdlib-jre8": {
            "firstLevelTransitive": [
                "com.netflix.spinnaker.keel:keel-clouddriver",
                "com.netflix.spinnaker.keel:keel-core",
                "com.netflix.spinnaker.keel:keel-retrofit"
            ],
            "locked": "1.1.60",
            "requested": "1.1.60"
        },
        "org.junit.jupiter:junit-jupiter-api": {
            "locked": "5.1.0-M1",
            "requested": "+"
        },
        "org.junit.jupiter:junit-jupiter-params": {
            "locked": "5.1.0-M1",
            "requested": "+"
        },
        "org.junit.platform:junit-platform-runner": {
            "locked": "1.1.0-M1",
            "requested": "+"
        },
        "org.slf4j:slf4j-api": {
            "firstLevelTransitive": [
                "com.netflix.spinnaker.keel:keel-core"
            ],
            "locked": "1.7.25"
        },
        "redis.clients:jedis": {
            "firstLevelTransitive": [
                "com.netflix.spinnaker.keel:keel-core"
            ],
            "locked": "2.9.0"
        }
    },
    "testRuntime": {
        "com.fasterxml.jackson.core:jackson-annotations": {
            "firstLevelTransitive": [
                "com.netflix.spinnaker.keel:keel-core"
            ],
            "locked": "2.9.2"
        },
        "com.fasterxml.jackson.core:jackson-databind": {
            "firstLevelTransitive": [
                "com.netflix.spinnaker.keel:keel-core"
            ],
            "locked": "2.9.2"
        },
        "com.fasterxml.jackson.datatype:jackson-datatype-jsr310": {
            "firstLevelTransitive": [
                "com.netflix.spinnaker.keel:keel-core"
            ],
            "locked": "2.9.2"
        },
        "com.fasterxml.jackson.module:jackson-module-kotlin": {
            "firstLevelTransitive": [
                "com.netflix.spinnaker.keel:keel-core"
            ],
            "locked": "2.9.2"
        },
        "com.github.jonpeterson:jackson-module-model-versioning": {
            "firstLevelTransitive": [
                "com.netflix.spinnaker.keel:keel-core"
            ],
            "locked": "1.2.2"
        },
        "com.natpryce:hamkrest": {
            "locked": "1.4.2.2",
            "requested": "+"
        },
        "com.netflix.spinnaker.keel:keel-clouddriver": {
            "project": true
        },
        "com.netflix.spinnaker.keel:keel-core": {
            "firstLevelTransitive": [
                "com.netflix.spinnaker.keel:keel-retrofit"
            ],
            "project": true
        },
        "com.netflix.spinnaker.keel:keel-retrofit": {
            "firstLevelTransitive": [
                "com.netflix.spinnaker.keel:keel-clouddriver"
            ],
            "project": true
        },
        "com.netflix.spinnaker.kork:kork-core": {
            "firstLevelTransitive": [
                "com.netflix.spinnaker.keel:keel-core"
            ],
            "locked": "1.108.0"
        },
        "com.netflix.spinnaker.kork:kork-web": {
            "firstLevelTransitive": [
                "com.netflix.spinnaker.keel:keel-retrofit"
            ],
            "locked": "1.108.0"
        },
        "com.netflix.spinnaker.moniker:moniker": {
            "firstLevelTransitive": [
                "com.netflix.spinnaker.keel:keel-clouddriver"
            ],
            "locked": "0.2.0"
        },
        "com.nhaarman:mockito-kotlin": {
            "locked": "1.5.0",
            "requested": "+"
        },
        "com.squareup.okhttp:okhttp-apache": {
            "firstLevelTransitive": [
                "com.netflix.spinnaker.keel:keel-retrofit"
            ],
            "locked": "2.7.5"
        },
        "com.squareup.okhttp:okhttp-urlconnection": {
            "firstLevelTransitive": [
                "com.netflix.spinnaker.keel:keel-retrofit"
            ],
            "locked": "2.7.5"
        },
        "com.squareup.retrofit:converter-jackson": {
            "firstLevelTransitive": [
                "com.netflix.spinnaker.keel:keel-retrofit"
            ],
            "locked": "1.9.0"
        },
        "com.squareup.retrofit:retrofit": {
            "firstLevelTransitive": [
                "com.netflix.spinnaker.keel:keel-retrofit"
            ],
            "locked": "1.9.0"
        },
        "io.reactivex:rxjava": {
            "firstLevelTransitive": [
                "com.netflix.spinnaker.keel:keel-retrofit"
            ],
            "locked": "1.0.17"
        },
        "net.logstash.logback:logstash-logback-encoder": {
            "firstLevelTransitive": [
                "com.netflix.spinnaker.keel:keel-core"
            ],
            "locked": "4.11"
        },
        "org.jetbrains.kotlin:kotlin-stdlib-jre8": {
            "firstLevelTransitive": [
                "com.netflix.spinnaker.keel:keel-clouddriver",
                "com.netflix.spinnaker.keel:keel-core",
                "com.netflix.spinnaker.keel:keel-retrofit"
            ],
            "locked": "1.1.60",
            "requested": "1.1.60"
        },
        "org.junit.jupiter:junit-jupiter-api": {
            "locked": "5.1.0-M1",
            "requested": "+"
        },
        "org.junit.jupiter:junit-jupiter-engine": {
            "locked": "5.1.0-M1",
            "requested": "+"
        },
        "org.junit.jupiter:junit-jupiter-params": {
            "locked": "5.1.0-M1",
            "requested": "+"
        },
        "org.junit.platform:junit-platform-launcher": {
            "locked": "1.1.0-M1",
            "requested": "+"
        },
        "org.junit.platform:junit-platform-runner": {
            "locked": "1.1.0-M1",
            "requested": "+"
        },
        "org.slf4j:slf4j-api": {
            "firstLevelTransitive": [
                "com.netflix.spinnaker.keel:keel-core"
            ],
            "locked": "1.7.25"
        },
        "redis.clients:jedis": {
            "firstLevelTransitive": [
                "com.netflix.spinnaker.keel:keel-core"
            ],
            "locked": "2.9.0"
        }
    },
    "testRuntimeClasspath": {
        "com.fasterxml.jackson.core:jackson-annotations": {
            "firstLevelTransitive": [
                "com.netflix.spinnaker.keel:keel-core"
            ],
            "locked": "2.9.2"
        },
        "com.fasterxml.jackson.core:jackson-databind": {
            "firstLevelTransitive": [
                "com.netflix.spinnaker.keel:keel-core"
            ],
            "locked": "2.9.2"
        },
        "com.fasterxml.jackson.datatype:jackson-datatype-jsr310": {
            "firstLevelTransitive": [
                "com.netflix.spinnaker.keel:keel-core"
            ],
            "locked": "2.9.2"
        },
        "com.fasterxml.jackson.module:jackson-module-kotlin": {
            "firstLevelTransitive": [
                "com.netflix.spinnaker.keel:keel-core"
            ],
            "locked": "2.9.2"
        },
        "com.github.jonpeterson:jackson-module-model-versioning": {
            "firstLevelTransitive": [
                "com.netflix.spinnaker.keel:keel-core"
            ],
            "locked": "1.2.2"
        },
        "com.natpryce:hamkrest": {
            "locked": "1.4.2.2",
            "requested": "+"
        },
        "com.netflix.spinnaker.keel:keel-clouddriver": {
            "project": true
        },
        "com.netflix.spinnaker.keel:keel-core": {
            "firstLevelTransitive": [
                "com.netflix.spinnaker.keel:keel-retrofit"
            ],
            "project": true
        },
        "com.netflix.spinnaker.keel:keel-retrofit": {
            "firstLevelTransitive": [
                "com.netflix.spinnaker.keel:keel-clouddriver"
            ],
            "project": true
        },
        "com.netflix.spinnaker.kork:kork-core": {
            "firstLevelTransitive": [
                "com.netflix.spinnaker.keel:keel-core"
            ],
            "locked": "1.108.0"
        },
        "com.netflix.spinnaker.kork:kork-web": {
            "firstLevelTransitive": [
                "com.netflix.spinnaker.keel:keel-retrofit"
            ],
            "locked": "1.108.0"
        },
        "com.netflix.spinnaker.moniker:moniker": {
            "firstLevelTransitive": [
                "com.netflix.spinnaker.keel:keel-clouddriver"
            ],
            "locked": "0.2.0"
        },
        "com.nhaarman:mockito-kotlin": {
            "locked": "1.5.0",
            "requested": "+"
        },
        "com.squareup.okhttp:okhttp-apache": {
            "firstLevelTransitive": [
                "com.netflix.spinnaker.keel:keel-retrofit"
            ],
            "locked": "2.7.5"
        },
        "com.squareup.okhttp:okhttp-urlconnection": {
            "firstLevelTransitive": [
                "com.netflix.spinnaker.keel:keel-retrofit"
            ],
            "locked": "2.7.5"
        },
        "com.squareup.retrofit:converter-jackson": {
            "firstLevelTransitive": [
                "com.netflix.spinnaker.keel:keel-retrofit"
            ],
            "locked": "1.9.0"
        },
        "com.squareup.retrofit:retrofit": {
            "firstLevelTransitive": [
                "com.netflix.spinnaker.keel:keel-retrofit"
            ],
            "locked": "1.9.0"
        },
        "io.reactivex:rxjava": {
            "firstLevelTransitive": [
                "com.netflix.spinnaker.keel:keel-retrofit"
            ],
            "locked": "1.0.17"
        },
        "net.logstash.logback:logstash-logback-encoder": {
            "firstLevelTransitive": [
                "com.netflix.spinnaker.keel:keel-core"
            ],
            "locked": "4.11"
        },
        "org.jetbrains.kotlin:kotlin-stdlib-jre8": {
            "firstLevelTransitive": [
                "com.netflix.spinnaker.keel:keel-clouddriver",
                "com.netflix.spinnaker.keel:keel-core",
                "com.netflix.spinnaker.keel:keel-retrofit"
            ],
            "locked": "1.1.60",
            "requested": "1.1.60"
        },
        "org.junit.jupiter:junit-jupiter-api": {
            "locked": "5.1.0-M1",
            "requested": "+"
        },
        "org.junit.jupiter:junit-jupiter-engine": {
            "locked": "5.1.0-M1",
            "requested": "+"
        },
        "org.junit.jupiter:junit-jupiter-params": {
            "locked": "5.1.0-M1",
            "requested": "+"
        },
        "org.junit.platform:junit-platform-launcher": {
            "locked": "1.1.0-M1",
            "requested": "+"
        },
        "org.junit.platform:junit-platform-runner": {
            "locked": "1.1.0-M1",
            "requested": "+"
        },
        "org.slf4j:slf4j-api": {
            "firstLevelTransitive": [
                "com.netflix.spinnaker.keel:keel-core"
            ],
            "locked": "1.7.25"
        },
        "redis.clients:jedis": {
            "firstLevelTransitive": [
                "com.netflix.spinnaker.keel:keel-core"
            ],
            "locked": "2.9.0"
        }
    }
}